// !$*UTF8*$!
{
	archiveVersion = 1;
	classes = {
	};
	objectVersion = 50;
	objects = {

/* Begin PBXBuildFile section */
		9C4A60EF207F3F10009FD7E0 /* AppDelegate.swift in Sources */ = {isa = PBXBuildFile; fileRef = 9C4A60EE207F3F10009FD7E0 /* AppDelegate.swift */; };
		9C4A60F1207F3F10009FD7E0 /* ViewController.swift in Sources */ = {isa = PBXBuildFile; fileRef = 9C4A60F0207F3F10009FD7E0 /* ViewController.swift */; };
		9C4A60F4207F3F10009FD7E0 /* Main.storyboard in Resources */ = {isa = PBXBuildFile; fileRef = 9C4A60F2207F3F10009FD7E0 /* Main.storyboard */; };
		9C4A60F6207F3F12009FD7E0 /* Assets.xcassets in Resources */ = {isa = PBXBuildFile; fileRef = 9C4A60F5207F3F12009FD7E0 /* Assets.xcassets */; };
		9C4A60F9207F3F12009FD7E0 /* LaunchScreen.storyboard in Resources */ = {isa = PBXBuildFile; fileRef = 9C4A60F7207F3F12009FD7E0 /* LaunchScreen.storyboard */; };
		9C4A6104207F3F12009FD7E0 /* BarabaraGameTests.swift in Sources */ = {isa = PBXBuildFile; fileRef = 9C4A6103207F3F12009FD7E0 /* BarabaraGameTests.swift */; };
		9C4A610F207F3F12009FD7E0 /* BarabaraGameUITests.swift in Sources */ = {isa = PBXBuildFile; fileRef = 9C4A610E207F3F12009FD7E0 /* BarabaraGameUITests.swift */; };
/* End PBXBuildFile section */

/* Begin PBXContainerItemProxy section */
		9C4A6100207F3F12009FD7E0 /* PBXContainerItemProxy */ = {
			isa = PBXContainerItemProxy;
			containerPortal = 9C4A60E3207F3F10009FD7E0 /* Project object */;
			proxyType = 1;
			remoteGlobalIDString = 9C4A60EA207F3F10009FD7E0;
			remoteInfo = BarabaraGame;
		};
		9C4A610B207F3F12009FD7E0 /* PBXContainerItemProxy */ = {
			isa = PBXContainerItemProxy;
			containerPortal = 9C4A60E3207F3F10009FD7E0 /* Project object */;
			proxyType = 1;
			remoteGlobalIDString = 9C4A60EA207F3F10009FD7E0;
			remoteInfo = BarabaraGame;
		};
/* End PBXContainerItemProxy section */

/* Begin PBXFileReference section */
		9C4A60EB207F3F10009FD7E0 /* BarabaraGame.app */ = {isa = PBXFileReference; explicitFileType = wrapper.application; includeInIndex = 0; path = BarabaraGame.app; sourceTree = BUILT_PRODUCTS_DIR; };
		9C4A60EE207F3F10009FD7E0 /* AppDelegate.swift */ = {isa = PBXFileReference; lastKnownFileType = sourcecode.swift; path = AppDelegate.swift; sourceTree = "<group>"; };
		9C4A60F0207F3F10009FD7E0 /* ViewController.swift */ = {isa = PBXFileReference; lastKnownFileType = sourcecode.swift; path = ViewController.swift; sourceTree = "<group>"; };
		9C4A60F3207F3F10009FD7E0 /* Base */ = {isa = PBXFileReference; lastKnownFileType = file.storyboard; name = Base; path = Base.lproj/Main.storyboard; sourceTree = "<group>"; };
		9C4A60F5207F3F12009FD7E0 /* Assets.xcassets */ = {isa = PBXFileReference; lastKnownFileType = folder.assetcatalog; path = Assets.xcassets; sourceTree = "<group>"; };
		9C4A60F8207F3F12009FD7E0 /* Base */ = {isa = PBXFileReference; lastKnownFileType = file.storyboard; name = Base; path = Base.lproj/LaunchScreen.storyboard; sourceTree = "<group>"; };
		9C4A60FA207F3F12009FD7E0 /* Info.plist */ = {isa = PBXFileReference; lastKnownFileType = text.plist.xml; path = Info.plist; sourceTree = "<group>"; };
		9C4A60FF207F3F12009FD7E0 /* BarabaraGameTests.xctest */ = {isa = PBXFileReference; explicitFileType = wrapper.cfbundle; includeInIndex = 0; path = BarabaraGameTests.xctest; sourceTree = BUILT_PRODUCTS_DIR; };
		9C4A6103207F3F12009FD7E0 /* BarabaraGameTests.swift */ = {isa = PBXFileReference; lastKnownFileType = sourcecode.swift; path = BarabaraGameTests.swift; sourceTree = "<group>"; };
		9C4A6105207F3F12009FD7E0 /* Info.plist */ = {isa = PBXFileReference; lastKnownFileType = text.plist.xml; path = Info.plist; sourceTree = "<group>"; };
		9C4A610A207F3F12009FD7E0 /* BarabaraGameUITests.xctest */ = {isa = PBXFileReference; explicitFileType = wrapper.cfbundle; includeInIndex = 0; path = BarabaraGameUITests.xctest; sourceTree = BUILT_PRODUCTS_DIR; };
		9C4A610E207F3F12009FD7E0 /* BarabaraGameUITests.swift */ = {isa = PBXFileReference; lastKnownFileType = sourcecode.swift; path = BarabaraGameUITests.swift; sourceTree = "<group>"; };
		9C4A6110207F3F12009FD7E0 /* Info.plist */ = {isa = PBXFileReference; lastKnownFileType = text.plist.xml; path = Info.plist; sourceTree = "<group>"; };
/* End PBXFileReference section */

/* Begin PBXFrameworksBuildPhase section */
		9C4A60E8207F3F10009FD7E0 /* Frameworks */ = {
			isa = PBXFrameworksBuildPhase;
			buildActionMask = 2147483647;
			files = (
			);
			runOnlyForDeploymentPostprocessing = 0;
		};
		9C4A60FC207F3F12009FD7E0 /* Frameworks */ = {
			isa = PBXFrameworksBuildPhase;
			buildActionMask = 2147483647;
			files = (
			);
			runOnlyForDeploymentPostprocessing = 0;
		};
		9C4A6107207F3F12009FD7E0 /* Frameworks */ = {
			isa = PBXFrameworksBuildPhase;
			buildActionMask = 2147483647;
			files = (
			);
			runOnlyForDeploymentPostprocessing = 0;
		};
/* End PBXFrameworksBuildPhase section */

/* Begin PBXGroup section */
		9C4A60E2207F3F10009FD7E0 = {
			isa = PBXGroup;
			children = (
				9C4A60ED207F3F10009FD7E0 /* BarabaraGame */,
				9C4A6102207F3F12009FD7E0 /* BarabaraGameTests */,
				9C4A610D207F3F12009FD7E0 /* BarabaraGameUITests */,
				9C4A60EC207F3F10009FD7E0 /* Products */,
			);
			sourceTree = "<group>";
		};
		9C4A60EC207F3F10009FD7E0 /* Products */ = {
			isa = PBXGroup;
			children = (
				9C4A60EB207F3F10009FD7E0 /* BarabaraGame.app */,
				9C4A60FF207F3F12009FD7E0 /* BarabaraGameTests.xctest */,
				9C4A610A207F3F12009FD7E0 /* BarabaraGameUITests.xctest */,
			);
			name = Products;
			sourceTree = "<group>";
		};
		9C4A60ED207F3F10009FD7E0 /* BarabaraGame */ = {
			isa = PBXGroup;
			children = (
				9C4A60EE207F3F10009FD7E0 /* AppDelegate.swift */,
				9C4A60F0207F3F10009FD7E0 /* ViewController.swift */,
				9C4A60F2207F3F10009FD7E0 /* Main.storyboard */,
				9C4A60F5207F3F12009FD7E0 /* Assets.xcassets */,
				9C4A60F7207F3F12009FD7E0 /* LaunchScreen.storyboard */,
				9C4A60FA207F3F12009FD7E0 /* Info.plist */,
			);
			path = BarabaraGame;
			sourceTree = "<group>";
		};
		9C4A6102207F3F12009FD7E0 /* BarabaraGameTests */ = {
			isa = PBXGroup;
			children = (
				9C4A6103207F3F12009FD7E0 /* BarabaraGameTests.swift */,
				9C4A6105207F3F12009FD7E0 /* Info.plist */,
			);
			path = BarabaraGameTests;
			sourceTree = "<group>";
		};
		9C4A610D207F3F12009FD7E0 /* BarabaraGameUITests */ = {
			isa = PBXGroup;
			children = (
				9C4A610E207F3F12009FD7E0 /* BarabaraGameUITests.swift */,
				9C4A6110207F3F12009FD7E0 /* Info.plist */,
			);
			path = BarabaraGameUITests;
			sourceTree = "<group>";
		};
/* End PBXGroup section */

/* Begin PBXNativeTarget section */
		9C4A60EA207F3F10009FD7E0 /* BarabaraGame */ = {
			isa = PBXNativeTarget;
			buildConfigurationList = 9C4A6113207F3F12009FD7E0 /* Build configuration list for PBXNativeTarget "BarabaraGame" */;
			buildPhases = (
				9C4A60E7207F3F10009FD7E0 /* Sources */,
				9C4A60E8207F3F10009FD7E0 /* Frameworks */,
				9C4A60E9207F3F10009FD7E0 /* Resources */,
			);
			buildRules = (
			);
			dependencies = (
			);
			name = BarabaraGame;
			productName = BarabaraGame;
			productReference = 9C4A60EB207F3F10009FD7E0 /* BarabaraGame.app */;
			productType = "com.apple.product-type.application";
		};
		9C4A60FE207F3F12009FD7E0 /* BarabaraGameTests */ = {
			isa = PBXNativeTarget;
			buildConfigurationList = 9C4A6116207F3F12009FD7E0 /* Build configuration list for PBXNativeTarget "BarabaraGameTests" */;
			buildPhases = (
				9C4A60FB207F3F12009FD7E0 /* Sources */,
				9C4A60FC207F3F12009FD7E0 /* Frameworks */,
				9C4A60FD207F3F12009FD7E0 /* Resources */,
			);
			buildRules = (
			);
			dependencies = (
				9C4A6101207F3F12009FD7E0 /* PBXTargetDependency */,
			);
			name = BarabaraGameTests;
			productName = BarabaraGameTests;
			productReference = 9C4A60FF207F3F12009FD7E0 /* BarabaraGameTests.xctest */;
			productType = "com.apple.product-type.bundle.unit-test";
		};
		9C4A6109207F3F12009FD7E0 /* BarabaraGameUITests */ = {
			isa = PBXNativeTarget;
			buildConfigurationList = 9C4A6119207F3F12009FD7E0 /* Build configuration list for PBXNativeTarget "BarabaraGameUITests" */;
			buildPhases = (
				9C4A6106207F3F12009FD7E0 /* Sources */,
				9C4A6107207F3F12009FD7E0 /* Frameworks */,
				9C4A6108207F3F12009FD7E0 /* Resources */,
			);
			buildRules = (
			);
			dependencies = (
				9C4A610C207F3F12009FD7E0 /* PBXTargetDependency */,
			);
			name = BarabaraGameUITests;
			productName = BarabaraGameUITests;
			productReference = 9C4A610A207F3F12009FD7E0 /* BarabaraGameUITests.xctest */;
			productType = "com.apple.product-type.bundle.ui-testing";
		};
/* End PBXNativeTarget section */

/* Begin PBXProject section */
		9C4A60E3207F3F10009FD7E0 /* Project object */ = {
			isa = PBXProject;
			attributes = {
				LastSwiftUpdateCheck = 0930;
				LastUpgradeCheck = 0930;
				ORGANIZATIONNAME = lifeistech;
				TargetAttributes = {
					9C4A60EA207F3F10009FD7E0 = {
						CreatedOnToolsVersion = 9.3;
					};
					9C4A60FE207F3F12009FD7E0 = {
						CreatedOnToolsVersion = 9.3;
						TestTargetID = 9C4A60EA207F3F10009FD7E0;
					};
					9C4A6109207F3F12009FD7E0 = {
						CreatedOnToolsVersion = 9.3;
						TestTargetID = 9C4A60EA207F3F10009FD7E0;
					};
				};
			};
			buildConfigurationList = 9C4A60E6207F3F10009FD7E0 /* Build configuration list for PBXProject "BarabaraGame" */;
			compatibilityVersion = "Xcode 9.3";
			developmentRegion = en;
			hasScannedForEncodings = 0;
			knownRegions = (
				en,
				Base,
			);
			mainGroup = 9C4A60E2207F3F10009FD7E0;
			productRefGroup = 9C4A60EC207F3F10009FD7E0 /* Products */;
			projectDirPath = "";
			projectRoot = "";
			targets = (
				9C4A60EA207F3F10009FD7E0 /* BarabaraGame */,
				9C4A60FE207F3F12009FD7E0 /* BarabaraGameTests */,
				9C4A6109207F3F12009FD7E0 /* BarabaraGameUITests */,
			);
		};
/* End PBXProject section */

/* Begin PBXResourcesBuildPhase section */
		9C4A60E9207F3F10009FD7E0 /* Resources */ = {
			isa = PBXResourcesBuildPhase;
			buildActionMask = 2147483647;
			files = (
				9C4A60F9207F3F12009FD7E0 /* LaunchScreen.storyboard in Resources */,
				9C4A60F6207F3F12009FD7E0 /* Assets.xcassets in Resources */,
				9C4A60F4207F3F10009FD7E0 /* Main.storyboard in Resources */,
			);
			runOnlyForDeploymentPostprocessing = 0;
		};
		9C4A60FD207F3F12009FD7E0 /* Resources */ = {
			isa = PBXResourcesBuildPhase;
			buildActionMask = 2147483647;
			files = (
			);
			runOnlyForDeploymentPostprocessing = 0;
		};
		9C4A6108207F3F12009FD7E0 /* Resources */ = {
			isa = PBXResourcesBuildPhase;
			buildActionMask = 2147483647;
			files = (
			);
			runOnlyForDeploymentPostprocessing = 0;
		};
/* End PBXResourcesBuildPhase section */

/* Begin PBXSourcesBuildPhase section */
		9C4A60E7207F3F10009FD7E0 /* Sources */ = {
			isa = PBXSourcesBuildPhase;
			buildActionMask = 2147483647;
			files = (
				9C4A60F1207F3F10009FD7E0 /* ViewController.swift in Sources */,
				9C4A60EF207F3F10009FD7E0 /* AppDelegate.swift in Sources */,
			);
			runOnlyForDeploymentPostprocessing = 0;
		};
		9C4A60FB207F3F12009FD7E0 /* Sources */ = {
			isa = PBXSourcesBuildPhase;
			buildActionMask = 2147483647;
			files = (
				9C4A6104207F3F12009FD7E0 /* BarabaraGameTests.swift in Sources */,
			);
			runOnlyForDeploymentPostprocessing = 0;
		};
		9C4A6106207F3F12009FD7E0 /* Sources */ = {
			isa = PBXSourcesBuildPhase;
			buildActionMask = 2147483647;
			files = (
				9C4A610F207F3F12009FD7E0 /* BarabaraGameUITests.swift in Sources */,
			);
			runOnlyForDeploymentPostprocessing = 0;
		};
/* End PBXSourcesBuildPhase section */

/* Begin PBXTargetDependency section */
		9C4A6101207F3F12009FD7E0 /* PBXTargetDependency */ = {
			isa = PBXTargetDependency;
			target = 9C4A60EA207F3F10009FD7E0 /* BarabaraGame */;
			targetProxy = 9C4A6100207F3F12009FD7E0 /* PBXContainerItemProxy */;
		};
		9C4A610C207F3F12009FD7E0 /* PBXTargetDependency */ = {
			isa = PBXTargetDependency;
			target = 9C4A60EA207F3F10009FD7E0 /* BarabaraGame */;
			targetProxy = 9C4A610B207F3F12009FD7E0 /* PBXContainerItemProxy */;
		};
/* End PBXTargetDependency section */

/* Begin PBXVariantGroup section */
		9C4A60F2207F3F10009FD7E0 /* Main.storyboard */ = {
			isa = PBXVariantGroup;
			children = (
				9C4A60F3207F3F10009FD7E0 /* Base */,
			);
			name = Main.storyboard;
			sourceTree = "<group>";
		};
		9C4A60F7207F3F12009FD7E0 /* LaunchScreen.storyboard */ = {
			isa = PBXVariantGroup;
			children = (
				9C4A60F8207F3F12009FD7E0 /* Base */,
			);
			name = LaunchScreen.storyboard;
			sourceTree = "<group>";
		};
/* End PBXVariantGroup section */

/* Begin XCBuildConfiguration section */
		9C4A6111207F3F12009FD7E0 /* Debug */ = {
			isa = XCBuildConfiguration;
			buildSettings = {
				ALWAYS_SEARCH_USER_PATHS = NO;
				CLANG_ANALYZER_NONNULL = YES;
				CLANG_ANALYZER_NUMBER_OBJECT_CONVERSION = YES_AGGRESSIVE;
				CLANG_CXX_LANGUAGE_STANDARD = "gnu++14";
				CLANG_CXX_LIBRARY = "libc++";
				CLANG_ENABLE_MODULES = YES;
				CLANG_ENABLE_OBJC_ARC = YES;
				CLANG_ENABLE_OBJC_WEAK = YES;
				CLANG_WARN_BLOCK_CAPTURE_AUTORELEASING = YES;
				CLANG_WARN_BOOL_CONVERSION = YES;
				CLANG_WARN_COMMA = YES;
				CLANG_WARN_CONSTANT_CONVERSION = YES;
				CLANG_WARN_DEPRECATED_OBJC_IMPLEMENTATIONS = YES;
				CLANG_WARN_DIRECT_OBJC_ISA_USAGE = YES_ERROR;
				CLANG_WARN_DOCUMENTATION_COMMENTS = YES;
				CLANG_WARN_EMPTY_BODY = YES;
				CLANG_WARN_ENUM_CONVERSION = YES;
				CLANG_WARN_INFINITE_RECURSION = YES;
				CLANG_WARN_INT_CONVERSION = YES;
				CLANG_WARN_NON_LITERAL_NULL_CONVERSION = YES;
				CLANG_WARN_OBJC_IMPLICIT_RETAIN_SELF = YES;
				CLANG_WARN_OBJC_LITERAL_CONVERSION = YES;
				CLANG_WARN_OBJC_ROOT_CLASS = YES_ERROR;
				CLANG_WARN_RANGE_LOOP_ANALYSIS = YES;
				CLANG_WARN_STRICT_PROTOTYPES = YES;
				CLANG_WARN_SUSPICIOUS_MOVE = YES;
				CLANG_WARN_UNGUARDED_AVAILABILITY = YES_AGGRESSIVE;
				CLANG_WARN_UNREACHABLE_CODE = YES;
				CLANG_WARN__DUPLICATE_METHOD_MATCH = YES;
				CODE_SIGN_IDENTITY = "iPhone Developer";
				COPY_PHASE_STRIP = NO;
				DEBUG_INFORMATION_FORMAT = dwarf;
				ENABLE_STRICT_OBJC_MSGSEND = YES;
				ENABLE_TESTABILITY = YES;
				GCC_C_LANGUAGE_STANDARD = gnu11;
				GCC_DYNAMIC_NO_PIC = NO;
				GCC_NO_COMMON_BLOCKS = YES;
				GCC_OPTIMIZATION_LEVEL = 0;
				GCC_PREPROCESSOR_DEFINITIONS = (
					"DEBUG=1",
					"$(inherited)",
				);
				GCC_WARN_64_TO_32_BIT_CONVERSION = YES;
				GCC_WARN_ABOUT_RETURN_TYPE = YES_ERROR;
				GCC_WARN_UNDECLARED_SELECTOR = YES;
				GCC_WARN_UNINITIALIZED_AUTOS = YES_AGGRESSIVE;
				GCC_WARN_UNUSED_FUNCTION = YES;
				GCC_WARN_UNUSED_VARIABLE = YES;
				IPHONEOS_DEPLOYMENT_TARGET = 11.3;
				MTL_ENABLE_DEBUG_INFO = YES;
				ONLY_ACTIVE_ARCH = YES;
				SDKROOT = iphoneos;
				SWIFT_ACTIVE_COMPILATION_CONDITIONS = DEBUG;
				SWIFT_OPTIMIZATION_LEVEL = "-Onone";
			};
			name = Debug;
		};
		9C4A6112207F3F12009FD7E0 /* Release */ = {
			isa = XCBuildConfiguration;
			buildSettings = {
				ALWAYS_SEARCH_USER_PATHS = NO;
				CLANG_ANALYZER_NONNULL = YES;
				CLANG_ANALYZER_NUMBER_OBJECT_CONVERSION = YES_AGGRESSIVE;
				CLANG_CXX_LANGUAGE_STANDARD = "gnu++14";
				CLANG_CXX_LIBRARY = "libc++";
				CLANG_ENABLE_MODULES = YES;
				CLANG_ENABLE_OBJC_ARC = YES;
				CLANG_ENABLE_OBJC_WEAK = YES;
				CLANG_WARN_BLOCK_CAPTURE_AUTORELEASING = YES;
				CLANG_WARN_BOOL_CONVERSION = YES;
				CLANG_WARN_COMMA = YES;
				CLANG_WARN_CONSTANT_CONVERSION = YES;
				CLANG_WARN_DEPRECATED_OBJC_IMPLEMENTATIONS = YES;
				CLANG_WARN_DIRECT_OBJC_ISA_USAGE = YES_ERROR;
				CLANG_WARN_DOCUMENTATION_COMMENTS = YES;
				CLANG_WARN_EMPTY_BODY = YES;
				CLANG_WARN_ENUM_CONVERSION = YES;
				CLANG_WARN_INFINITE_RECURSION = YES;
				CLANG_WARN_INT_CONVERSION = YES;
				CLANG_WARN_NON_LITERAL_NULL_CONVERSION = YES;
				CLANG_WARN_OBJC_IMPLICIT_RETAIN_SELF = YES;
				CLANG_WARN_OBJC_LITERAL_CONVERSION = YES;
				CLANG_WARN_OBJC_ROOT_CLASS = YES_ERROR;
				CLANG_WARN_RANGE_LOOP_ANALYSIS = YES;
				CLANG_WARN_STRICT_PROTOTYPES = YES;
				CLANG_WARN_SUSPICIOUS_MOVE = YES;
				CLANG_WARN_UNGUARDED_AVAILABILITY = YES_AGGRESSIVE;
				CLANG_WARN_UNREACHABLE_CODE = YES;
				CLANG_WARN__DUPLICATE_METHOD_MATCH = YES;
				CODE_SIGN_IDENTITY = "iPhone Developer";
				COPY_PHASE_STRIP = NO;
				DEBUG_INFORMATION_FORMAT = "dwarf-with-dsym";
				ENABLE_NS_ASSERTIONS = NO;
				ENABLE_STRICT_OBJC_MSGSEND = YES;
				GCC_C_LANGUAGE_STANDARD = gnu11;
				GCC_NO_COMMON_BLOCKS = YES;
				GCC_WARN_64_TO_32_BIT_CONVERSION = YES;
				GCC_WARN_ABOUT_RETURN_TYPE = YES_ERROR;
				GCC_WARN_UNDECLARED_SELECTOR = YES;
				GCC_WARN_UNINITIALIZED_AUTOS = YES_AGGRESSIVE;
				GCC_WARN_UNUSED_FUNCTION = YES;
				GCC_WARN_UNUSED_VARIABLE = YES;
				IPHONEOS_DEPLOYMENT_TARGET = 11.3;
				MTL_ENABLE_DEBUG_INFO = NO;
				SDKROOT = iphoneos;
				SWIFT_COMPILATION_MODE = wholemodule;
				SWIFT_OPTIMIZATION_LEVEL = "-O";
				VALIDATE_PRODUCT = YES;
			};
			name = Release;
		};
		9C4A6114207F3F12009FD7E0 /* Debug */ = {
			isa = XCBuildConfiguration;
			buildSettings = {
				ASSETCATALOG_COMPILER_APPICON_NAME = AppIcon;
				CODE_SIGN_STYLE = Automatic;
				INFOPLIST_FILE = BarabaraGame/Info.plist;
				LD_RUNPATH_SEARCH_PATHS = (
					"$(inherited)",
					"@executable_path/Frameworks",
				);
				PRODUCT_BUNDLE_IDENTIFIER = com.lifeistech.BarabaraGame;
				PRODUCT_NAME = "$(TARGET_NAME)";
				SWIFT_VERSION = 4.0;
				TARGETED_DEVICE_FAMILY = "1,2";
			};
			name = Debug;
		};
		9C4A6115207F3F12009FD7E0 /* Release */ = {
			isa = XCBuildConfiguration;
			buildSettings = {
				ASSETCATALOG_COMPILER_APPICON_NAME = AppIcon;
				CODE_SIGN_STYLE = Automatic;
				INFOPLIST_FILE = BarabaraGame/Info.plist;
				LD_RUNPATH_SEARCH_PATHS = (
					"$(inherited)",
					"@executable_path/Frameworks",
				);
				PRODUCT_BUNDLE_IDENTIFIER = com.lifeistech.BarabaraGame;
				PRODUCT_NAME = "$(TARGET_NAME)";
				SWIFT_VERSION = 4.0;
				TARGETED_DEVICE_FAMILY = "1,2";
			};
			name = Release;
		};
		9C4A6117207F3F12009FD7E0 /* Debug */ = {
			isa = XCBuildConfiguration;
			buildSettings = {
				ALWAYS_EMBED_SWIFT_STANDARD_LIBRARIES = YES;
				BUNDLE_LOADER = "$(TEST_HOST)";
				CODE_SIGN_STYLE = Automatic;
				INFOPLIST_FILE = BarabaraGameTests/Info.plist;
				LD_RUNPATH_SEARCH_PATHS = (
					"$(inherited)",
					"@executable_path/Frameworks",
					"@loader_path/Frameworks",
				);
				PRODUCT_BUNDLE_IDENTIFIER = com.lifeistech.BarabaraGameTests;
				PRODUCT_NAME = "$(TARGET_NAME)";
				SWIFT_VERSION = 4.0;
				TARGETED_DEVICE_FAMILY = "1,2";
				TEST_HOST = "$(BUILT_PRODUCTS_DIR)/BarabaraGame.app/BarabaraGame";
			};
			name = Debug;
		};
		9C4A6118207F3F12009FD7E0 /* Release */ = {
			isa = XCBuildConfiguration;
			buildSettings = {
				ALWAYS_EMBED_SWIFT_STANDARD_LIBRARIES = YES;
				BUNDLE_LOADER = "$(TEST_HOST)";
				CODE_SIGN_STYLE = Automatic;
				INFOPLIST_FILE = BarabaraGameTests/Info.plist;
				LD_RUNPATH_SEARCH_PATHS = (
					"$(inherited)",
					"@executable_path/Frameworks",
					"@loader_path/Frameworks",
				);
				PRODUCT_BUNDLE_IDENTIFIER = com.lifeistech.BarabaraGameTests;
				PRODUCT_NAME = "$(TARGET_NAME)";
				SWIFT_VERSION = 4.0;
				TARGETED_DEVICE_FAMILY = "1,2";
				TEST_HOST = "$(BUILT_PRODUCTS_DIR)/BarabaraGame.app/BarabaraGame";
			};
			name = Release;
		};
		9C4A611A207F3F12009FD7E0 /* Debug */ = {
			isa = XCBuildConfiguration;
			buildSettings = {
				ALWAYS_EMBED_SWIFT_STANDARD_LIBRARIES = YES;
				CODE_SIGN_STYLE = Automatic;
				INFOPLIST_FILE = BarabaraGameUITests/Info.plist;
				LD_RUNPATH_SEARCH_PATHS = (
					"$(inherited)",
					"@executable_path/Frameworks",
					"@loader_path/Frameworks",
				);
				PRODUCT_BUNDLE_IDENTIFIER = com.lifeistech.BarabaraGameUITests;
				PRODUCT_NAME = "$(TARGET_NAME)";
				SWIFT_VERSION = 4.0;
				TARGETED_DEVICE_FAMILY = "1,2";
				TEST_TARGET_NAME = BarabaraGame;
			};
			name = Debug;
		};
		9C4A611B207F3F12009FD7E0 /* Release */ = {
			isa = XCBuildConfiguration;
			buildSettings = {
				ALWAYS_EMBED_SWIFT_STANDARD_LIBRARIES = YES;
				CODE_SIGN_STYLE = Automatic;
				INFOPLIST_FILE = BarabaraGameUITests/Info.plist;
				LD_RUNPATH_SEARCH_PATHS = (
					"$(inherited)",
					"@executable_path/Frameworks",
					"@loader_path/Frameworks",
				);
				PRODUCT_BUNDLE_IDENTIFIER = com.lifeistech.BarabaraGameUITests;
				PRODUCT_NAME = "$(TARGET_NAME)";
				SWIFT_VERSION = 4.0;
				TARGETED_DEVICE_FAMILY = "1,2";
				TEST_TARGET_NAME = BarabaraGame;
			};
			name = Release;
		};
/* End XCBuildConfiguration section */

/* Begin XCConfigurationList section */
		9C4A60E6207F3F10009FD7E0 /* Build configuration list for PBXProject "BarabaraGame" */ = {
			isa = XCConfigurationList;
			buildConfigurations = (
				9C4A6111207F3F12009FD7E0 /* Debug */,
				9C4A6112207F3F12009FD7E0 /* Release */,
			);
			defaultConfigurationIsVisible = 0;
			defaultConfigurationName = Release;
		};
		9C4A6113207F3F12009FD7E0 /* Build configuration list for PBXNativeTarget "BarabaraGame" */ = {
			isa = XCConfigurationList;
			buildConfigurations = (
				9C4A6114207F3F12009FD7E0 /* Debug */,
				9C4A6115207F3F12009FD7E0 /* Release */,
			);
			defaultConfigurationIsVisible = 0;
			defaultConfigurationName = Release;
		};
		9C4A6116207F3F12009FD7E0 /* Build configuration list for PBXNativeTarget "BarabaraGameTests" */ = {
			isa = XCConfigurationList;
			buildConfigurations = (
				9C4A6117207F3F12009FD7E0 /* Debug */,
				9C4A6118207F3F12009FD7E0 /* Release */,
			);
			defaultConfigurationIsVisible = 0;
			defaultConfigurationName = Release;
		};
		9C4A6119207F3F12009FD7E0 /* Build configuration list for PBXNativeTarget "BarabaraGameUITests" */ = {
			isa = XCConfigurationList;
			buildConfigurations = (
				9C4A611A207F3F12009FD7E0 /* Debug */,
				9C4A611B207F3F12009FD7E0 /* Release */,
			);
			defaultConfigurationIsVisible = 0;
			defaultConfigurationName = Release;
		};
/* End XCConfigurationList section */
	};
	rootObject = 9C4A60E3207F3F10009FD7E0 /* Project object */;
}
